<?xml version="1.0"?>
<CONFIG>
  <ProjectOptions>
    <Version Value="9"/>
    <PathDelim Value="\"/>
    <General>
      <Flags>
        <MainUnitHasCreateFormStatements Value="False"/>
      </Flags>
      <SessionStorage Value="InProjectDir"/>
      <MainUnit Value="0"/>
      <Title Value="TMainApplication"/>
      <UseAppBundle Value="False"/>
      <ResourceType Value="res"/>
    </General>
    <i18n>
      <EnableI18N LFM="False"/>
    </i18n>
    <VersionInfo>
      <StringTable ProductVersion=""/>
    </VersionInfo>
    <BuildModes Count="1">
      <Item1 Name="Default" Default="True"/>
    </BuildModes>
    <PublishOptions>
      <Version Value="2"/>
      <IncludeFileFilter Value="*.(pas|pp|inc|lfm|lpr|lrs|lpi|lpk|sh|xml)"/>
      <ExcludeFileFilter Value="*.(bak|ppu|o|so);*~;backup"/>
    </PublishOptions>
    <RunParams>
      <local>
        <FormatVersion Value="1"/>
      </local>
    </RunParams>
    <RequiredPackages Count="3">
      <Item1>
        <PackageName Value="ZenGL_Package"/>
      </Item1>
      <Item2>
        <PackageName Value="FCL"/>
      </Item2>
      <Item3>
        <PackageName Value="UltimateLibrary"/>
      </Item3>
    </RequiredPackages>
    <Units Count="20">
      <Unit0>
        <Filename Value="DBFF_Project.lpr"/>
        <IsPartOfProject Value="True"/>
        <UnitName Value="DBFF_Project"/>
      </Unit0>
      <Unit1>
        <Filename Value="Common.pas"/>
        <IsPartOfProject Value="True"/>
        <UnitName Value="Common"/>
      </Unit1>
      <Unit2>
        <Filename Value="EngineManager.pas"/>
        <IsPartOfProject Value="True"/>
        <UnitName Value="EngineManager"/>
      </Unit2>
      <Unit3>
        <Filename Value="GameManager.pas"/>
        <IsPartOfProject Value="True"/>
        <UnitName Value="GameManager"/>
      </Unit3>
      <Unit4>
        <Filename Value="MapDataContainer.pas"/>
        <IsPartOfProject Value="True"/>
        <UnitName Value="MapDataContainer"/>
      </Unit4>
      <Unit5>
        <Filename Value="TerrainManager.pas"/>
        <IsPartOfProject Value="True"/>
        <UnitName Value="TerrainManager"/>
      </Unit5>
      <Unit6>
        <Filename Value="MapDataFace.pas"/>
        <IsPartOfProject Value="True"/>
        <UnitName Value="MapDataFace"/>
      </Unit6>
      <Unit7>
        <Filename Value="TerrainManagerFace.pas"/>
        <IsPartOfProject Value="True"/>
        <UnitName Value="TerrainManagerFace"/>
      </Unit7>
      <Unit8>
        <Filename Value="MapViewer.pas"/>
        <IsPartOfProject Value="True"/>
        <UnitName Value="MapViewer"/>
      </Unit8>
      <Unit9>
        <Filename Value="LevelDataContainer.pas"/>
        <IsPartOfProject Value="True"/>
        <UnitName Value="LevelDataContainer"/>
      </Unit9>
      <Unit10>
        <Filename Value="TestLevel.pas"/>
        <IsPartOfProject Value="True"/>
        <UnitName Value="TestLevel"/>
      </Unit10>
      <Unit11>
        <Filename Value="LevelDataFace.pas"/>
        <IsPartOfProject Value="True"/>
        <UnitName Value="LevelDataFace"/>
      </Unit11>
      <Unit12>
        <Filename Value="LevelLoaderFace.pas"/>
        <IsPartOfProject Value="True"/>
        <UnitName Value="LevelLoaderFace"/>
      </Unit12>
      <Unit13>
        <Filename Value="ZenGLFCLGraphics.pas"/>
        <IsPartOfProject Value="True"/>
        <UnitName Value="ZenGLFCLGraphics"/>
      </Unit13>
      <Unit14>
        <Filename Value="EngineManagerFace.pas"/>
        <IsPartOfProject Value="True"/>
        <UnitName Value="EngineManagerFace"/>
      </Unit14>
      <Unit15>
        <Filename Value="ZenGL_LinkLibraries.fpc"/>
        <IsPartOfProject Value="True"/>
      </Unit15>
      <Unit16>
        <Filename Value="TextureCache.pas"/>
        <IsPartOfProject Value="True"/>
        <UnitName Value="TextureCache"/>
      </Unit16>
      <Unit17>
        <Filename Value="UnitManager.pas"/>
        <IsPartOfProject Value="True"/>
        <UnitName Value="UnitManager"/>
      </Unit17>
      <Unit18>
        <Filename Value="UnitManagerFace.pas"/>
        <IsPartOfProject Value="True"/>
        <UnitName Value="UnitManagerFace"/>
      </Unit18>
      <Unit19>
        <Filename Value="MapUnit.pas"/>
        <IsPartOfProject Value="True"/>
        <UnitName Value="MapUnit"/>
      </Unit19>
    </Units>
  </ProjectOptions>
  <CompilerOptions>
    <Version Value="11"/>
    <PathDelim Value="\"/>
    <Target>
      <Filename Value="bin\DBFF_Executable_$(TargetCPU)_$(TargetOS)"/>
    </Target>
    <SearchPaths>
      <IncludeFiles Value="$(ProjOutDir)"/>
      <UnitOutputDirectory Value="lib\$(TargetCPU)-$(TargetOS)"/>
    </SearchPaths>
    <Linking>
      <Debugging>
        <UseHeaptrc Value="True"/>
      </Debugging>
    </Linking>
    <Other>
      <CompilerMessages>
        <MsgFileName Value=""/>
      </CompilerMessages>
      <ConfigFile>
        <CustomConfigFile Value="True"/>
        <ConfigFilePath Value="extra.fpc"/>
      </ConfigFile>
      <CompilerPath Value="$(CompPath)"/>
    </Other>
  </CompilerOptions>
  <Debugging>
    <Exceptions Count="3">
      <Item1>
        <Name Value="EAbort"/>
      </Item1>
      <Item2>
        <Name Value="ECodetoolError"/>
      </Item2>
      <Item3>
        <Name Value="EFOpenError"/>
      </Item3>
    </Exceptions>
  </Debugging>
</CONFIG>
